
Microsoft Visual Studio Solution File, Format Version 12.00
# Visual Studio Version 17
VisualStudioVersion = 17.9.34518.117
MinimumVisualStudioVersion = 10.0.40219.1
Project("{9A19103F-16F7-4668-BE54-9A1E7A4F7556}") = "MagicVilla_VillaAPI", "MagicVilla_VillaAPI\MagicVilla_VillaAPI.csproj", "{1C9BE254-1B23-4EBE-B091-A8FFF04874A6}"
EndProject
Project("{9A19103F-16F7-4668-BE54-9A1E7A4F7556}") = "MagicVilla_Web", "MagicVilla_Web\MagicVilla_Web.csproj", "{B012942A-ECC6-4B6E-AB15-457FAB126725}"
EndProject
Project("{FAE04EC0-301F-11D3-BF4B-00C04F79EFBC}") = "MagicVilla_Utility", "MagicVilla_Utility\MagicVilla_Utility.csproj", "{5D24F867-01C2-4F6F-8E06-96A3FDA524F9}"
EndProject
Global
	GlobalSection(SolutionConfigurationPlatforms) = preSolution
		Debug|Any CPU = Debug|Any CPU
		Release|Any CPU = Release|Any CPU
	EndGlobalSection
	GlobalSection(ProjectConfigurationPlatforms) = postSolution
		{1C9BE254-1B23-4EBE-B091-A8FFF04874A6}.Debug|Any CPU.ActiveCfg = Debug|Any CPU
		{1C9BE254-1B23-4EBE-B091-A8FFF04874A6}.Debug|Any CPU.Build.0 = Debug|Any CPU
		{1C9BE254-1B23-4EBE-B091-A8FFF04874A6}.Release|Any CPU.ActiveCfg = Release|Any CPU
		{1C9BE254-1B23-4EBE-B091-A8FFF04874A6}.Release|Any CPU.Build.0 = Release|Any CPU
		{B012942A-ECC6-4B6E-AB15-457FAB126725}.Debug|Any CPU.ActiveCfg = Debug|Any CPU
		{B012942A-ECC6-4B6E-AB15-457FAB126725}.Debug|Any CPU.Build.0 = Debug|Any CPU
		{B012942A-ECC6-4B6E-AB15-457FAB126725}.Release|Any CPU.ActiveCfg = Release|Any CPU
		{B012942A-ECC6-4B6E-AB15-457FAB126725}.Release|Any CPU.Build.0 = Release|Any CPU
		{5D24F867-01C2-4F6F-8E06-96A3FDA524F9}.Debug|Any CPU.ActiveCfg = Debug|Any CPU
		{5D24F867-01C2-4F6F-8E06-96A3FDA524F9}.Debug|Any CPU.Build.0 = Debug|Any CPU
		{5D24F867-01C2-4F6F-8E06-96A3FDA524F9}.Release|Any CPU.ActiveCfg = Release|Any CPU
		{5D24F867-01C2-4F6F-8E06-96A3FDA524F9}.Release|Any CPU.Build.0 = Release|Any CPU
	EndGlobalSection
	GlobalSection(SolutionProperties) = preSolution
		HideSolutionNode = FALSE
	EndGlobalSection
	GlobalSection(ExtensibilityGlobals) = postSolution
		SolutionGuid = {9D93B862-04E3-4F2E-A7FB-06FD519FA02E}
	EndGlobalSection
EndGlobal
